// !$*UTF8*$!
{
	archiveVersion = 1;
	classes = {
	};
	objectVersion = 56;
	objects = {

/* Begin PBXBuildFile section */
		D10380E52A52F23C00727106 /* SwitchTableViewCell.swift in Sources */ = {isa = PBXBuildFile; fileRef = D10380E42A52F23C00727106 /* SwitchTableViewCell.swift */; };
		D1895E5F2A4DBAEB00EA766C /* Model.swift in Sources */ = {isa = PBXBuildFile; fileRef = D1895E5E2A4DBAEB00EA766C /* Model.swift */; };
		D1895E612A4DEB0200EA766C /* DefaultTableViewCell.swift in Sources */ = {isa = PBXBuildFile; fileRef = D1895E602A4DEB0200EA766C /* DefaultTableViewCell.swift */; };
		D1895E632A4DF6B600EA766C /* TitleTableViewCell.swift in Sources */ = {isa = PBXBuildFile; fileRef = D1895E622A4DF6B600EA766C /* TitleTableViewCell.swift */; };
		D1895E652A4DFE9700EA766C /* LabelTableViewCell.swift in Sources */ = {isa = PBXBuildFile; fileRef = D1895E642A4DFE9700EA766C /* LabelTableViewCell.swift */; };
		D1914EBD2A4C2DBC00428DA9 /* AppDelegate.swift in Sources */ = {isa = PBXBuildFile; fileRef = D1914EBC2A4C2DBC00428DA9 /* AppDelegate.swift */; };
		D1914EBF2A4C2DBC00428DA9 /* SceneDelegate.swift in Sources */ = {isa = PBXBuildFile; fileRef = D1914EBE2A4C2DBC00428DA9 /* SceneDelegate.swift */; };
		D1914EC12A4C2DBC00428DA9 /* ViewController.swift in Sources */ = {isa = PBXBuildFile; fileRef = D1914EC02A4C2DBC00428DA9 /* ViewController.swift */; };
		D1914EC62A4C2DBD00428DA9 /* Assets.xcassets in Resources */ = {isa = PBXBuildFile; fileRef = D1914EC52A4C2DBD00428DA9 /* Assets.xcassets */; };
		D1914EC92A4C2DBD00428DA9 /* LaunchScreen.storyboard in Resources */ = {isa = PBXBuildFile; fileRef = D1914EC72A4C2DBD00428DA9 /* LaunchScreen.storyboard */; };
		D1B021852A4C358F001FD968 /* SettingsViewController.swift in Sources */ = {isa = PBXBuildFile; fileRef = D1B021842A4C358F001FD968 /* SettingsViewController.swift */; };
/* End PBXBuildFile section */

/* Begin PBXFileReference section */
		D10380E42A52F23C00727106 /* SwitchTableViewCell.swift */ = {isa = PBXFileReference; lastKnownFileType = sourcecode.swift; path = SwitchTableViewCell.swift; sourceTree = "<group>"; };
		D1895E5E2A4DBAEB00EA766C /* Model.swift */ = {isa = PBXFileReference; lastKnownFileType = sourcecode.swift; path = Model.swift; sourceTree = "<group>"; };
		D1895E602A4DEB0200EA766C /* DefaultTableViewCell.swift */ = {isa = PBXFileReference; lastKnownFileType = sourcecode.swift; path = DefaultTableViewCell.swift; sourceTree = "<group>"; };
		D1895E622A4DF6B600EA766C /* TitleTableViewCell.swift */ = {isa = PBXFileReference; lastKnownFileType = sourcecode.swift; path = TitleTableViewCell.swift; sourceTree = "<group>"; };
		D1895E642A4DFE9700EA766C /* LabelTableViewCell.swift */ = {isa = PBXFileReference; lastKnownFileType = sourcecode.swift; path = LabelTableViewCell.swift; sourceTree = "<group>"; };
		D1914EB92A4C2DBC00428DA9 /* Homework13(settings).app */ = {isa = PBXFileReference; explicitFileType = wrapper.application; includeInIndex = 0; path = "Homework13(settings).app"; sourceTree = BUILT_PRODUCTS_DIR; };
		D1914EBC2A4C2DBC00428DA9 /* AppDelegate.swift */ = {isa = PBXFileReference; lastKnownFileType = sourcecode.swift; path = AppDelegate.swift; sourceTree = "<group>"; };
		D1914EBE2A4C2DBC00428DA9 /* SceneDelegate.swift */ = {isa = PBXFileReference; lastKnownFileType = sourcecode.swift; path = SceneDelegate.swift; sourceTree = "<group>"; };
		D1914EC02A4C2DBC00428DA9 /* ViewController.swift */ = {isa = PBXFileReference; lastKnownFileType = sourcecode.swift; path = ViewController.swift; sourceTree = "<group>"; };
		D1914EC52A4C2DBD00428DA9 /* Assets.xcassets */ = {isa = PBXFileReference; lastKnownFileType = folder.assetcatalog; path = Assets.xcassets; sourceTree = "<group>"; };
		D1914EC82A4C2DBD00428DA9 /* Base */ = {isa = PBXFileReference; lastKnownFileType = file.storyboard; name = Base; path = Base.lproj/LaunchScreen.storyboard; sourceTree = "<group>"; };
		D1914ECA2A4C2DBD00428DA9 /* Info.plist */ = {isa = PBXFileReference; lastKnownFileType = text.plist.xml; path = Info.plist; sourceTree = "<group>"; };
		D1B021842A4C358F001FD968 /* SettingsViewController.swift */ = {isa = PBXFileReference; lastKnownFileType = sourcecode.swift; path = SettingsViewController.swift; sourceTree = "<group>"; };
/* End PBXFileReference section */

/* Begin PBXFrameworksBuildPhase section */
		D1914EB62A4C2DBC00428DA9 /* Frameworks */ = {
			isa = PBXFrameworksBuildPhase;
			buildActionMask = 2147483647;
			files = (
			);
			runOnlyForDeploymentPostprocessing = 0;
		};
/* End PBXFrameworksBuildPhase section */

/* Begin PBXGroup section */
		D1914EB02A4C2DBC00428DA9 = {
			isa = PBXGroup;
			children = (
				D1914EBB2A4C2DBC00428DA9 /* Homework13(settings) */,
				D1914EBA2A4C2DBC00428DA9 /* Products */,
			);
			sourceTree = "<group>";
		};
		D1914EBA2A4C2DBC00428DA9 /* Products */ = {
			isa = PBXGroup;
			children = (
				D1914EB92A4C2DBC00428DA9 /* Homework13(settings).app */,
			);
			name = Products;
			sourceTree = "<group>";
		};
		D1914EBB2A4C2DBC00428DA9 /* Homework13(settings) */ = {
			isa = PBXGroup;
			children = (
				D1B021822A4C30E4001FD968 /* Resources */,
				D1B021832A4C30F5001FD968 /* Sources */,
				D1B021812A4C30D9001FD968 /* App */,
			);
			path = "Homework13(settings)";
			sourceTree = "<group>";
		};
		D1B021812A4C30D9001FD968 /* App */ = {
			isa = PBXGroup;
			children = (
				D1914EBC2A4C2DBC00428DA9 /* AppDelegate.swift */,
				D1914EBE2A4C2DBC00428DA9 /* SceneDelegate.swift */,
			);
			path = App;
			sourceTree = "<group>";
		};
		D1B021822A4C30E4001FD968 /* Resources */ = {
			isa = PBXGroup;
			children = (
				D1914EC52A4C2DBD00428DA9 /* Assets.xcassets */,
				D1914ECA2A4C2DBD00428DA9 /* Info.plist */,
			);
			path = Resources;
			sourceTree = "<group>";
		};
		D1B021832A4C30F5001FD968 /* Sources */ = {
			isa = PBXGroup;
			children = (
				D1914EC02A4C2DBC00428DA9 /* ViewController.swift */,
				D1B021842A4C358F001FD968 /* SettingsViewController.swift */,
				D1895E602A4DEB0200EA766C /* DefaultTableViewCell.swift */,
				D1895E622A4DF6B600EA766C /* TitleTableViewCell.swift */,
				D1895E642A4DFE9700EA766C /* LabelTableViewCell.swift */,
				D10380E42A52F23C00727106 /* SwitchTableViewCell.swift */,
				D1895E5E2A4DBAEB00EA766C /* Model.swift */,
				D1914EC72A4C2DBD00428DA9 /* LaunchScreen.storyboard */,
			);
			path = Sources;
			sourceTree = "<group>";
		};
/* End PBXGroup section */

/* Begin PBXNativeTarget section */
		D1914EB82A4C2DBC00428DA9 /* Homework13(settings) */ = {
			isa = PBXNativeTarget;
			buildConfigurationList = D1914ECD2A4C2DBD00428DA9 /* Build configuration list for PBXNativeTarget "Homework13(settings)" */;
			buildPhases = (
				D1914EB52A4C2DBC00428DA9 /* Sources */,
				D1914EB62A4C2DBC00428DA9 /* Frameworks */,
				D1914EB72A4C2DBC00428DA9 /* Resources */,
			);
			buildRules = (
			);
			dependencies = (
			);
			name = "Homework13(settings)";
			productName = "Homework13(settings)";
			productReference = D1914EB92A4C2DBC00428DA9 /* Homework13(settings).app */;
			productType = "com.apple.product-type.application";
		};
/* End PBXNativeTarget section */

/* Begin PBXProject section */
		D1914EB12A4C2DBC00428DA9 /* Project object */ = {
			isa = PBXProject;
			attributes = {
				BuildIndependentTargetsInParallel = 1;
				LastSwiftUpdateCheck = 1430;
				LastUpgradeCheck = 1430;
				TargetAttributes = {
					D1914EB82A4C2DBC00428DA9 = {
						CreatedOnToolsVersion = 14.3.1;
					};
				};
			};
			buildConfigurationList = D1914EB42A4C2DBC00428DA9 /* Build configuration list for PBXProject "Homework13(settings)" */;
			compatibilityVersion = "Xcode 14.0";
			developmentRegion = en;
			hasScannedForEncodings = 0;
			knownRegions = (
				en,
				Base,
			);
			mainGroup = D1914EB02A4C2DBC00428DA9;
			productRefGroup = D1914EBA2A4C2DBC00428DA9 /* Products */;
			projectDirPath = "";
			projectRoot = "";
			targets = (
				D1914EB82A4C2DBC00428DA9 /* Homework13(settings) */,
			);
		};
/* End PBXProject section */

/* Begin PBXResourcesBuildPhase section */
		D1914EB72A4C2DBC00428DA9 /* Resources */ = {
			isa = PBXResourcesBuildPhase;
			buildActionMask = 2147483647;
			files = (
				D1914EC92A4C2DBD00428DA9 /* LaunchScreen.storyboard in Resources */,
				D1914EC62A4C2DBD00428DA9 /* Assets.xcassets in Resources */,
			);
			runOnlyForDeploymentPostprocessing = 0;
		};
/* End PBXResourcesBuildPhase section */

/* Begin PBXSourcesBuildPhase section */
		D1914EB52A4C2DBC00428DA9 /* Sources */ = {
			isa = PBXSourcesBuildPhase;
			buildActionMask = 2147483647;
			files = (
				D1895E632A4DF6B600EA766C /* TitleTableViewCell.swift in Sources */,
				D1895E5F2A4DBAEB00EA766C /* Model.swift in Sources */,
				D1895E612A4DEB0200EA766C /* DefaultTableViewCell.swift in Sources */,
				D1914EC12A4C2DBC00428DA9 /* ViewController.swift in Sources */,
				D1914EBD2A4C2DBC00428DA9 /* AppDelegate.swift in Sources */,
				D10380E52A52F23C00727106 /* SwitchTableViewCell.swift in Sources */,
				D1914EBF2A4C2DBC00428DA9 /* SceneDelegate.swift in Sources */,
				D1895E652A4DFE9700EA766C /* LabelTableViewCell.swift in Sources */,
				D1B021852A4C358F001FD968 /* SettingsViewController.swift in Sources */,
			);
			runOnlyForDeploymentPostprocessing = 0;
		};
/* End PBXSourcesBuildPhase section */

/* Begin PBXVariantGroup section */
		D1914EC72A4C2DBD00428DA9 /* LaunchScreen.storyboard */ = {
			isa = PBXVariantGroup;
			children = (
				D1914EC82A4C2DBD00428DA9 /* Base */,
			);
			name = LaunchScreen.storyboard;
			sourceTree = "<group>";
		};
/* End PBXVariantGroup section */

/* Begin XCBuildConfiguration section */
		D1914ECB2A4C2DBD00428DA9 /* Debug */ = {
			isa = XCBuildConfiguration;
			buildSettings = {
				ALWAYS_SEARCH_USER_PATHS = NO;
				CLANG_ANALYZER_NONNULL = YES;
				CLANG_ANALYZER_NUMBER_OBJECT_CONVERSION = YES_AGGRESSIVE;
				CLANG_CXX_LANGUAGE_STANDARD = "gnu++20";
				CLANG_ENABLE_MODULES = YES;
				CLANG_ENABLE_OBJC_ARC = YES;
				CLANG_ENABLE_OBJC_WEAK = YES;
				CLANG_WARN_BLOCK_CAPTURE_AUTORELEASING = YES;
				CLANG_WARN_BOOL_CONVERSION = YES;
				CLANG_WARN_COMMA = YES;
				CLANG_WARN_CONSTANT_CONVERSION = YES;
				CLANG_WARN_DEPRECATED_OBJC_IMPLEMENTATIONS = YES;
				CLANG_WARN_DIRECT_OBJC_ISA_USAGE = YES_ERROR;
				CLANG_WARN_DOCUMENTATION_COMMENTS = YES;
				CLANG_WARN_EMPTY_BODY = YES;
				CLANG_WARN_ENUM_CONVERSION = YES;
				CLANG_WARN_INFINITE_RECURSION = YES;
				CLANG_WARN_INT_CONVERSION = YES;
				CLANG_WARN_NON_LITERAL_NULL_CONVERSION = YES;
				CLANG_WARN_OBJC_IMPLICIT_RETAIN_SELF = YES;
				CLANG_WARN_OBJC_LITERAL_CONVERSION = YES;
				CLANG_WARN_OBJC_ROOT_CLASS = YES_ERROR;
				CLANG_WARN_QUOTED_INCLUDE_IN_FRAMEWORK_HEADER = YES;
				CLANG_WARN_RANGE_LOOP_ANALYSIS = YES;
				CLANG_WARN_STRICT_PROTOTYPES = YES;
				CLANG_WARN_SUSPICIOUS_MOVE = YES;
				CLANG_WARN_UNGUARDED_AVAILABILITY = YES_AGGRESSIVE;
				CLANG_WARN_UNREACHABLE_CODE = YES;
				CLANG_WARN__DUPLICATE_METHOD_MATCH = YES;
				COPY_PHASE_STRIP = NO;
				DEBUG_INFORMATION_FORMAT = dwarf;
				ENABLE_STRICT_OBJC_MSGSEND = YES;
				ENABLE_TESTABILITY = YES;
				GCC_C_LANGUAGE_STANDARD = gnu11;
				GCC_DYNAMIC_NO_PIC = NO;
				GCC_NO_COMMON_BLOCKS = YES;
				GCC_OPTIMIZATION_LEVEL = 0;
				GCC_PREPROCESSOR_DEFINITIONS = (
					"DEBUG=1",
					"$(inherited)",
				);
				GCC_WARN_64_TO_32_BIT_CONVERSION = YES;
				GCC_WARN_ABOUT_RETURN_TYPE = YES_ERROR;
				GCC_WARN_UNDECLARED_SELECTOR = YES;
				GCC_WARN_UNINITIALIZED_AUTOS = YES_AGGRESSIVE;
				GCC_WARN_UNUSED_FUNCTION = YES;
				GCC_WARN_UNUSED_VARIABLE = YES;
				IPHONEOS_DEPLOYMENT_TARGET = 16.4;
				MTL_ENABLE_DEBUG_INFO = INCLUDE_SOURCE;
				MTL_FAST_MATH = YES;
				ONLY_ACTIVE_ARCH = YES;
				SDKROOT = iphoneos;
				SWIFT_ACTIVE_COMPILATION_CONDITIONS = DEBUG;
				SWIFT_OPTIMIZATION_LEVEL = "-Onone";
			};
			name = Debug;
		};
		D1914ECC2A4C2DBD00428DA9 /* Release */ = {
			isa = XCBuildConfiguration;
			buildSettings = {
				ALWAYS_SEARCH_USER_PATHS = NO;
				CLANG_ANALYZER_NONNULL = YES;
				CLANG_ANALYZER_NUMBER_OBJECT_CONVERSION = YES_AGGRESSIVE;
				CLANG_CXX_LANGUAGE_STANDARD = "gnu++20";
				CLANG_ENABLE_MODULES = YES;
				CLANG_ENABLE_OBJC_ARC = YES;
				CLANG_ENABLE_OBJC_WEAK = YES;
				CLANG_WARN_BLOCK_CAPTURE_AUTORELEASING = YES;
				CLANG_WARN_BOOL_CONVERSION = YES;
				CLANG_WARN_COMMA = YES;
				CLANG_WARN_CONSTANT_CONVERSION = YES;
				CLANG_WARN_DEPRECATED_OBJC_IMPLEMENTATIONS = YES;
				CLANG_WARN_DIRECT_OBJC_ISA_USAGE = YES_ERROR;
				CLANG_WARN_DOCUMENTATION_COMMENTS = YES;
				CLANG_WARN_EMPTY_BODY = YES;
				CLANG_WARN_ENUM_CONVERSION = YES;
				CLANG_WARN_INFINITE_RECURSION = YES;
				CLANG_WARN_INT_CONVERSION = YES;
				CLANG_WARN_NON_LITERAL_NULL_CONVERSION = YES;
				CLANG_WARN_OBJC_IMPLICIT_RETAIN_SELF = YES;
				CLANG_WARN_OBJC_LITERAL_CONVERSION = YES;
				CLANG_WARN_OBJC_ROOT_CLASS = YES_ERROR;
				CLANG_WARN_QUOTED_INCLUDE_IN_FRAMEWORK_HEADER = YES;
				CLANG_WARN_RANGE_LOOP_ANALYSIS = YES;
				CLANG_WARN_STRICT_PROTOTYPES = YES;
				CLANG_WARN_SUSPICIOUS_MOVE = YES;
				CLANG_WARN_UNGUARDED_AVAILABILITY = YES_AGGRESSIVE;
				CLANG_WARN_UNREACHABLE_CODE = YES;
				CLANG_WARN__DUPLICATE_METHOD_MATCH = YES;
				COPY_PHASE_STRIP = NO;
				DEBUG_INFORMATION_FORMAT = "dwarf-with-dsym";
				ENABLE_NS_ASSERTIONS = NO;
				ENABLE_STRICT_OBJC_MSGSEND = YES;
				GCC_C_LANGUAGE_STANDARD = gnu11;
				GCC_NO_COMMON_BLOCKS = YES;
				GCC_WARN_64_TO_32_BIT_CONVERSION = YES;
				GCC_WARN_ABOUT_RETURN_TYPE = YES_ERROR;
				GCC_WARN_UNDECLARED_SELECTOR = YES;
				GCC_WARN_UNINITIALIZED_AUTOS = YES_AGGRESSIVE;
				GCC_WARN_UNUSED_FUNCTION = YES;
				GCC_WARN_UNUSED_VARIABLE = YES;
				IPHONEOS_DEPLOYMENT_TARGET = 16.4;
				MTL_ENABLE_DEBUG_INFO = NO;
				MTL_FAST_MATH = YES;
				SDKROOT = iphoneos;
				SWIFT_COMPILATION_MODE = wholemodule;
				SWIFT_OPTIMIZATION_LEVEL = "-O";
				VALIDATE_PRODUCT = YES;
			};
			name = Release;
		};
		D1914ECE2A4C2DBD00428DA9 /* Debug */ = {
			isa = XCBuildConfiguration;
			buildSettings = {
				ASSETCATALOG_COMPILER_APPICON_NAME = AppIcon;
				ASSETCATALOG_COMPILER_GLOBAL_ACCENT_COLOR_NAME = AccentColor;
				CODE_SIGN_STYLE = Automatic;
				CURRENT_PROJECT_VERSION = 1;
				DEVELOPMENT_TEAM = 6XZKA4BJLF;
				GENERATE_INFOPLIST_FILE = YES;
				INFOPLIST_FILE = "Homework13(settings)/Resources/Info.plist";
				INFOPLIST_KEY_UIApplicationSupportsIndirectInputEvents = YES;
				INFOPLIST_KEY_UILaunchStoryboardName = LaunchScreen;
				INFOPLIST_KEY_UISupportedInterfaceOrientations_iPad = "UIInterfaceOrientationPortrait UIInterfaceOrientationPortraitUpsideDown UIInterfaceOrientationLandscapeLeft UIInterfaceOrientationLandscapeRight";
				INFOPLIST_KEY_UISupportedInterfaceOrientations_iPhone = "UIInterfaceOrientationPortrait UIInterfaceOrientationLandscapeLeft UIInterfaceOrientationLandscapeRight";
				IPHONEOS_DEPLOYMENT_TARGET = 15.0;
				LD_RUNPATH_SEARCH_PATHS = (
					"$(inherited)",
					"@executable_path/Frameworks",
				);
				MARKETING_VERSION = 1.0;
				PRODUCT_BUNDLE_IDENTIFIER = "com.my.Homework13-settings-";
				PRODUCT_NAME = "$(TARGET_NAME)";
				SWIFT_EMIT_LOC_STRINGS = YES;
				SWIFT_VERSION = 5.0;
				TARGETED_DEVICE_FAMILY = "1,2";
			};
			name = Debug;
		};
		D1914ECF2A4C2DBD00428DA9 /* Release */ = {
			isa = XCBuildConfiguration;
			buildSettings = {
				ASSETCATALOG_COMPILER_APPICON_NAME = AppIcon;
				ASSETCATALOG_COMPILER_GLOBAL_ACCENT_COLOR_NAME = AccentColor;
				CODE_SIGN_STYLE = Automatic;
				CURRENT_PROJECT_VERSION = 1;
				DEVELOPMENT_TEAM = 6XZKA4BJLF;
				GENERATE_INFOPLIST_FILE = YES;
				INFOPLIST_FILE = "Homework13(settings)/Resources/Info.plist";
				INFOPLIST_KEY_UIApplicationSupportsIndirectInputEvents = YES;
				INFOPLIST_KEY_UILaunchStoryboardName = LaunchScreen;
				INFOPLIST_KEY_UISupportedInterfaceOrientations_iPad = "UIInterfaceOrientationPortrait UIInterfaceOrientationPortraitUpsideDown UIInterfaceOrientationLandscapeLeft UIInterfaceOrientationLandscapeRight";
				INFOPLIST_KEY_UISupportedInterfaceOrientations_iPhone = "UIInterfaceOrientationPortrait UIInterfaceOrientationLandscapeLeft UIInterfaceOrientationLandscapeRight";
				IPHONEOS_DEPLOYMENT_TARGET = 15.0;
				LD_RUNPATH_SEARCH_PATHS = (
					"$(inherited)",
					"@executable_path/Frameworks",
				);
				MARKETING_VERSION = 1.0;
				PRODUCT_BUNDLE_IDENTIFIER = "com.my.Homework13-settings-";
				PRODUCT_NAME = "$(TARGET_NAME)";
				SWIFT_EMIT_LOC_STRINGS = YES;
				SWIFT_VERSION = 5.0;
				TARGETED_DEVICE_FAMILY = "1,2";
			};
			name = Release;
		};
/* End XCBuildConfiguration section */

/* Begin XCConfigurationList section */
		D1914EB42A4C2DBC00428DA9 /* Build configuration list for PBXProject "Homework13(settings)" */ = {
			isa = XCConfigurationList;
			buildConfigurations = (
				D1914ECB2A4C2DBD00428DA9 /* Debug */,
				D1914ECC2A4C2DBD00428DA9 /* Release */,
			);
			defaultConfigurationIsVisible = 0;
			defaultConfigurationName = Release;
		};
		D1914ECD2A4C2DBD00428DA9 /* Build configuration list for PBXNativeTarget "Homework13(settings)" */ = {
			isa = XCConfigurationList;
			buildConfigurations = (
				D1914ECE2A4C2DBD00428DA9 /* Debug */,
				D1914ECF2A4C2DBD00428DA9 /* Release */,
			);
			defaultConfigurationIsVisible = 0;
			defaultConfigurationName = Release;
		};
/* End XCConfigurationList section */
	};
	rootObject = D1914EB12A4C2DBC00428DA9 /* Project object */;
}
